
Microsoft Visual Studio Solution File, Format Version 12.00
# Visual Studio Version 16
VisualStudioVersion = 16.0.29201.188
MinimumVisualStudioVersion = 10.0.40219.1
Project("{FAE04EC0-301F-11D3-BF4B-00C04F79EFBC}") = "CardSortDeskTop", "CardSortDeskTop\CardSortDeskTop.csproj", "{45D71AA4-4519-4831-94C3-E71211B16DAF}"
EndProject
Global
	GlobalSection(SolutionConfigurationPlatforms) = preSolution
		Debug|Any CPU = Debug|Any CPU
		Debug|ARM = Debug|ARM
		Debug|ARM64 = Debug|ARM64
		Debug|x64 = Debug|x64
		Debug|x86 = Debug|x86
		Release|Any CPU = Release|Any CPU
		Release|ARM = Release|ARM
		Release|ARM64 = Release|ARM64
		Release|x64 = Release|x64
		Release|x86 = Release|x86
	EndGlobalSection
	GlobalSection(ProjectConfigurationPlatforms) = postSolution
		{45D71AA4-4519-4831-94C3-E71211B16DAF}.Debug|Any CPU.ActiveCfg = Debug|x86
		{45D71AA4-4519-4831-94C3-E71211B16DAF}.Debug|ARM.ActiveCfg = Debug|ARM
		{45D71AA4-4519-4831-94C3-E71211B16DAF}.Debug|ARM.Build.0 = Debug|ARM
		{45D71AA4-4519-4831-94C3-E71211B16DAF}.Debug|ARM.Deploy.0 = Debug|ARM
		{45D71AA4-4519-4831-94C3-E71211B16DAF}.Debug|ARM64.ActiveCfg = Debug|ARM64
		{45D71AA4-4519-4831-94C3-E71211B16DAF}.Debug|ARM64.Build.0 = Debug|ARM64
		{45D71AA4-4519-4831-94C3-E71211B16DAF}.Debug|ARM64.Deploy.0 = Debug|ARM64
		{45D71AA4-4519-4831-94C3-E71211B16DAF}.Debug|x64.ActiveCfg = Debug|x64
		{45D71AA4-4519-4831-94C3-E71211B16DAF}.Debug|x64.Build.0 = Debug|x64
		{45D71AA4-4519-4831-94C3-E71211B16DAF}.Debug|x64.Deploy.0 = Debug|x64
		{45D71AA4-4519-4831-94C3-E71211B16DAF}.Debug|x86.ActiveCfg = Debug|x86
		{45D71AA4-4519-4831-94C3-E71211B16DAF}.Debug|x86.Build.0 = Debug|x86
		{45D71AA4-4519-4831-94C3-E71211B16DAF}.Debug|x86.Deploy.0 = Debug|x86
		{45D71AA4-4519-4831-94C3-E71211B16DAF}.Release|Any CPU.ActiveCfg = Release|x86
		{45D71AA4-4519-4831-94C3-E71211B16DAF}.Release|ARM.ActiveCfg = Release|ARM
		{45D71AA4-4519-4831-94C3-E71211B16DAF}.Release|ARM.Build.0 = Release|ARM
		{45D71AA4-4519-4831-94C3-E71211B16DAF}.Release|ARM.Deploy.0 = Release|ARM
		{45D71AA4-4519-4831-94C3-E71211B16DAF}.Release|ARM64.ActiveCfg = Release|ARM64
		{45D71AA4-4519-4831-94C3-E71211B16DAF}.Release|ARM64.Build.0 = Release|ARM64
		{45D71AA4-4519-4831-94C3-E71211B16DAF}.Release|ARM64.Deploy.0 = Release|ARM64
		{45D71AA4-4519-4831-94C3-E71211B16DAF}.Release|x64.ActiveCfg = Release|x64
		{45D71AA4-4519-4831-94C3-E71211B16DAF}.Release|x64.Build.0 = Release|x64
		{45D71AA4-4519-4831-94C3-E71211B16DAF}.Release|x64.Deploy.0 = Release|x64
		{45D71AA4-4519-4831-94C3-E71211B16DAF}.Release|x86.ActiveCfg = Release|x86
		{45D71AA4-4519-4831-94C3-E71211B16DAF}.Release|x86.Build.0 = Release|x86
		{45D71AA4-4519-4831-94C3-E71211B16DAF}.Release|x86.Deploy.0 = Release|x86
	EndGlobalSection
	GlobalSection(SolutionProperties) = preSolution
		HideSolutionNode = FALSE
	EndGlobalSection
	GlobalSection(ExtensibilityGlobals) = postSolution
		SolutionGuid = {72360814-833F-46F2-A954-46A4F919B87E}
	EndGlobalSection
EndGlobal
